
Microsoft Visual Studio Solution File, Format Version 12.00
# Visual Studio Version 17
VisualStudioVersion = 17.9.34728.123
MinimumVisualStudioVersion = 10.0.40219.1
Project("{FAE04EC0-301F-11D3-BF4B-00C04F79EFBC}") = "C# Basics 2", "C# Basics 2\C# Basics 2.csproj", "{CD8FFBF8-6DE6-4933-825E-80C7309AC7E0}"
EndProject
Global
	GlobalSection(SolutionConfigurationPlatforms) = preSolution
		Debug|Any CPU = Debug|Any CPU
		Release|Any CPU = Release|Any CPU
	EndGlobalSection
	GlobalSection(ProjectConfigurationPlatforms) = postSolution
		{CD8FFBF8-6DE6-4933-825E-80C7309AC7E0}.Debug|Any CPU.ActiveCfg = Debug|Any CPU
		{CD8FFBF8-6DE6-4933-825E-80C7309AC7E0}.Debug|Any CPU.Build.0 = Debug|Any CPU
		{CD8FFBF8-6DE6-4933-825E-80C7309AC7E0}.Release|Any CPU.ActiveCfg = Release|Any CPU
		{CD8FFBF8-6DE6-4933-825E-80C7309AC7E0}.Release|Any CPU.Build.0 = Release|Any CPU
	EndGlobalSection
	GlobalSection(SolutionProperties) = preSolution
		HideSolutionNode = FALSE
	EndGlobalSection
	GlobalSection(ExtensibilityGlobals) = postSolution
		SolutionGuid = {368A8A00-914E-4EB3-B57D-CE0A3481293A}
	EndGlobalSection
EndGlobal
